
Microsoft Visual Studio Solution File, Format Version 12.00
# Visual Studio Version 16
VisualStudioVersion = 16.0.31025.194
MinimumVisualStudioVersion = 10.0.40219.1
Project("{FAE04EC0-301F-11D3-BF4B-00C04F79EFBC}") = "TMCVisualizer", "TMCVisualizer\TMCVisualizer.csproj", "{7D9DE8E2-975E-47A0-933A-29481BB496E4}"
EndProject
Project("{FAE04EC0-301F-11D3-BF4B-00C04F79EFBC}") = "WPFSoundVisualizationLib", "WPFSoundVisualizationLibrary\WPFSoundVisualizationLib.csproj", "{90F96222-1C39-4A19-ABE8-1B00FB330985}"
EndProject
Project("{FAE04EC0-301F-11D3-BF4B-00C04F79EFBC}") = "SharpMikNAudio", "SharpMik\SharpMikNAudio.csproj", "{95FC7357-E061-4611-A674-98D0499DC202}"
EndProject
Global
	GlobalSection(SolutionConfigurationPlatforms) = preSolution
		Debug|Any CPU = Debug|Any CPU
		Release|Any CPU = Release|Any CPU
	EndGlobalSection
	GlobalSection(ProjectConfigurationPlatforms) = postSolution
		{7D9DE8E2-975E-47A0-933A-29481BB496E4}.Debug|Any CPU.ActiveCfg = Debug|Any CPU
		{7D9DE8E2-975E-47A0-933A-29481BB496E4}.Debug|Any CPU.Build.0 = Debug|Any CPU
		{7D9DE8E2-975E-47A0-933A-29481BB496E4}.Release|Any CPU.ActiveCfg = Release|Any CPU
		{7D9DE8E2-975E-47A0-933A-29481BB496E4}.Release|Any CPU.Build.0 = Release|Any CPU
		{90F96222-1C39-4A19-ABE8-1B00FB330985}.Debug|Any CPU.ActiveCfg = Debug|Any CPU
		{90F96222-1C39-4A19-ABE8-1B00FB330985}.Debug|Any CPU.Build.0 = Debug|Any CPU
		{90F96222-1C39-4A19-ABE8-1B00FB330985}.Release|Any CPU.ActiveCfg = Release|Any CPU
		{90F96222-1C39-4A19-ABE8-1B00FB330985}.Release|Any CPU.Build.0 = Release|Any CPU
		{95FC7357-E061-4611-A674-98D0499DC202}.Debug|Any CPU.ActiveCfg = Debug|Any CPU
		{95FC7357-E061-4611-A674-98D0499DC202}.Debug|Any CPU.Build.0 = Debug|Any CPU
		{95FC7357-E061-4611-A674-98D0499DC202}.Release|Any CPU.ActiveCfg = Release|Any CPU
		{95FC7357-E061-4611-A674-98D0499DC202}.Release|Any CPU.Build.0 = Release|Any CPU
	EndGlobalSection
	GlobalSection(SolutionProperties) = preSolution
		HideSolutionNode = FALSE
	EndGlobalSection
	GlobalSection(ExtensibilityGlobals) = postSolution
		SolutionGuid = {7B8AEC0F-80CF-4EAE-A11E-626705EAB072}
	EndGlobalSection
EndGlobal
